Microsoft Visual Studio Solution File, Format Version 12.00
# Visual Studio Version 17
VisualStudioVersion = 17.5.2.0
MinimumVisualStudioVersion = 10.0.40219.1
Project("{FAE04EC0-301F-11D3-BF4B-00C04F79EFBC}") = "NutriProj", "NutriProj.csproj", "{71D3E98F-5699-D668-2A5F-B27E37439115}"
EndProject
Global
	GlobalSection(SolutionConfigurationPlatforms) = preSolution
		Debug|Any CPU = Debug|Any CPU
		Release|Any CPU = Release|Any CPU
	EndGlobalSection
	GlobalSection(ProjectConfigurationPlatforms) = postSolution
		{71D3E98F-5699-D668-2A5F-B27E37439115}.Debug|Any CPU.ActiveCfg = Debug|Any CPU
		{71D3E98F-5699-D668-2A5F-B27E37439115}.Debug|Any CPU.Build.0 = Debug|Any CPU
		{71D3E98F-5699-D668-2A5F-B27E37439115}.Release|Any CPU.ActiveCfg = Release|Any CPU
		{71D3E98F-5699-D668-2A5F-B27E37439115}.Release|Any CPU.Build.0 = Release|Any CPU
	EndGlobalSection
	GlobalSection(SolutionProperties) = preSolution
		HideSolutionNode = FALSE
	EndGlobalSection
	GlobalSection(ExtensibilityGlobals) = postSolution
		SolutionGuid = {D2360A37-5A3F-471C-84BB-B73E9AF431FF}
	EndGlobalSection
EndGlobal
